<Solution>
  <Folder Name="/原生控件/">
    <Project Path="NativeControls/FocusDemo/FocusDemo.csproj" />
    <Project Path="NativeControls/ShapeWindowDemo/ShapeWindowDemo.csproj" />
    <Project Path="NativeControls/DragReorderDemo/DragReorderDemo.csproj" />
    <Project Path="NativeControls/WindowShakeDemo/WindowShakeDemo.csproj" />
  </Folder>
  <Folder Name="/自定义控件/">
    <Project Path="CustomControls/DigitalTubeDemo/DigitalTubeDemo.csproj" />
  </Folder>
  <Folder Name="/数据绑定/">
    <Project Path="DataBinding/ValidateDemo/ValidateDemo.csproj" />
  </Folder>
  <Folder Name="/HalconDemo/">
    <Project Path="HalconDemo/SerializeDemo/SerializeDemo.csproj" />
  </Folder>
</Solution>
